{
  "name": "dlsq-ship",
  "version": "1.0.0",
  "lockfileVersion": 1,
  "requires": true,
  "dependencies": {
    "dayjs": {
      "version": "1.9.7",
      "resolved": "https://registry.npm.taobao.org/dayjs/download/dayjs-1.9.7.tgz?cache=0&sync_timestamp=1607178593731&other_urls=https%3A%2F%2Fregistry.npm.taobao.org%2Fdayjs%2Fdownload%2Fdayjs-1.9.7.tgz",
      "integrity": "sha1-SyYLsX3O7S1fKQON/uA8ZaZ4b8A="
    },
    "prettier": {
      "version": "1.12.1",
      "resolved": "http://registry.npm.taobao.org/prettier/download/prettier-1.12.1.tgz",
      "integrity": "sha1-wa0g6APndJ+vkFpAnSNn4Gu+cyU="
    }
  }
}
